
Microsoft Visual Studio Solution File, Format Version 12.00
# Visual Studio Version 17
Project("{2150E333-8FDC-42A3-9474-1A3956D46DE8}") = "CMakePredefinedTargets", "CMakePredefinedTargets", "{67FCC921-CBC1-3919-9BB5-E851437BC489}"
EndProject
Project("{2150E333-8FDC-42A3-9474-1A3956D46DE8}") = "GLFW3", "GLFW3", "{042F68B7-4416-3EBB-9B18-9607A424E443}"
EndProject
Project("{8BC9CEB8-8B4A-11D0-8D11-00A0C91BC942}") = "ALL_BUILD", "ALL_BUILD.vcxproj", "{9A353077-1137-330D-AAEA-8511F3218F02}"
	ProjectSection(ProjectDependencies) = postProject
		{D86A7FE9-8C51-3ACA-A5A9-8667D29F081C} = {D86A7FE9-8C51-3ACA-A5A9-8667D29F081C}
		{760CE226-A271-3032-974C-451EC2D8FC69} = {760CE226-A271-3032-974C-451EC2D8FC69}
	EndProjectSection
EndProject
Project("{8BC9CEB8-8B4A-11D0-8D11-00A0C91BC942}") = "INSTALL", "INSTALL.vcxproj", "{F82FE9C3-92E7-3C38-8D1D-494D640D0FFB}"
	ProjectSection(ProjectDependencies) = postProject
		{9A353077-1137-330D-AAEA-8511F3218F02} = {9A353077-1137-330D-AAEA-8511F3218F02}
		{D86A7FE9-8C51-3ACA-A5A9-8667D29F081C} = {D86A7FE9-8C51-3ACA-A5A9-8667D29F081C}
	EndProjectSection
EndProject
Project("{8BC9CEB8-8B4A-11D0-8D11-00A0C91BC942}") = "PACKAGE", "PACKAGE.vcxproj", "{941601D7-9666-3AD7-9E0C-ACA633C59D61}"
	ProjectSection(ProjectDependencies) = postProject
		{9A353077-1137-330D-AAEA-8511F3218F02} = {9A353077-1137-330D-AAEA-8511F3218F02}
		{D86A7FE9-8C51-3ACA-A5A9-8667D29F081C} = {D86A7FE9-8C51-3ACA-A5A9-8667D29F081C}
	EndProjectSection
EndProject
Project("{8BC9CEB8-8B4A-11D0-8D11-00A0C91BC942}") = "ZERO_CHECK", "..\\ZERO_CHECK.vcxproj", "{D86A7FE9-8C51-3ACA-A5A9-8667D29F081C}"
	ProjectSection(ProjectDependencies) = postProject
	EndProjectSection
EndProject
Project("{8BC9CEB8-8B4A-11D0-8D11-00A0C91BC942}") = "glfw", "src\glfw.vcxproj", "{760CE226-A271-3032-974C-451EC2D8FC69}"
	ProjectSection(ProjectDependencies) = postProject
		{D86A7FE9-8C51-3ACA-A5A9-8667D29F081C} = {D86A7FE9-8C51-3ACA-A5A9-8667D29F081C}
	EndProjectSection
EndProject
Project("{8BC9CEB8-8B4A-11D0-8D11-00A0C91BC942}") = "uninstall", "uninstall.vcxproj", "{CE2DA273-907D-3DDF-A475-09D39334BB90}"
	ProjectSection(ProjectDependencies) = postProject
		{D86A7FE9-8C51-3ACA-A5A9-8667D29F081C} = {D86A7FE9-8C51-3ACA-A5A9-8667D29F081C}
	EndProjectSection
EndProject
Project("{8BC9CEB8-8B4A-11D0-8D11-00A0C91BC942}") = "update_mappings", "src\update_mappings.vcxproj", "{BE71F838-4DEA-3EA5-A021-514C3AD6AF59}"
	ProjectSection(ProjectDependencies) = postProject
		{D86A7FE9-8C51-3ACA-A5A9-8667D29F081C} = {D86A7FE9-8C51-3ACA-A5A9-8667D29F081C}
	EndProjectSection
EndProject
Global
	GlobalSection(SolutionConfigurationPlatforms) = preSolution
		Debug|x64 = Debug|x64
		Release|x64 = Release|x64
		MinSizeRel|x64 = MinSizeRel|x64
		RelWithDebInfo|x64 = RelWithDebInfo|x64
	EndGlobalSection
	GlobalSection(ProjectConfigurationPlatforms) = postSolution
		{9A353077-1137-330D-AAEA-8511F3218F02}.Debug|x64.ActiveCfg = Debug|x64
		{9A353077-1137-330D-AAEA-8511F3218F02}.Debug|x64.Build.0 = Debug|x64
		{9A353077-1137-330D-AAEA-8511F3218F02}.Release|x64.ActiveCfg = Release|x64
		{9A353077-1137-330D-AAEA-8511F3218F02}.Release|x64.Build.0 = Release|x64
		{9A353077-1137-330D-AAEA-8511F3218F02}.MinSizeRel|x64.ActiveCfg = MinSizeRel|x64
		{9A353077-1137-330D-AAEA-8511F3218F02}.MinSizeRel|x64.Build.0 = MinSizeRel|x64
		{9A353077-1137-330D-AAEA-8511F3218F02}.RelWithDebInfo|x64.ActiveCfg = RelWithDebInfo|x64
		{9A353077-1137-330D-AAEA-8511F3218F02}.RelWithDebInfo|x64.Build.0 = RelWithDebInfo|x64
		{F82FE9C3-92E7-3C38-8D1D-494D640D0FFB}.Debug|x64.ActiveCfg = Debug|x64
		{F82FE9C3-92E7-3C38-8D1D-494D640D0FFB}.Release|x64.ActiveCfg = Release|x64
		{F82FE9C3-92E7-3C38-8D1D-494D640D0FFB}.MinSizeRel|x64.ActiveCfg = MinSizeRel|x64
		{F82FE9C3-92E7-3C38-8D1D-494D640D0FFB}.RelWithDebInfo|x64.ActiveCfg = RelWithDebInfo|x64
		{941601D7-9666-3AD7-9E0C-ACA633C59D61}.Debug|x64.ActiveCfg = Debug|x64
		{941601D7-9666-3AD7-9E0C-ACA633C59D61}.Release|x64.ActiveCfg = Release|x64
		{941601D7-9666-3AD7-9E0C-ACA633C59D61}.MinSizeRel|x64.ActiveCfg = MinSizeRel|x64
		{941601D7-9666-3AD7-9E0C-ACA633C59D61}.RelWithDebInfo|x64.ActiveCfg = RelWithDebInfo|x64
		{D86A7FE9-8C51-3ACA-A5A9-8667D29F081C}.Debug|x64.ActiveCfg = Debug|x64
		{D86A7FE9-8C51-3ACA-A5A9-8667D29F081C}.Debug|x64.Build.0 = Debug|x64
		{D86A7FE9-8C51-3ACA-A5A9-8667D29F081C}.Release|x64.ActiveCfg = Release|x64
		{D86A7FE9-8C51-3ACA-A5A9-8667D29F081C}.Release|x64.Build.0 = Release|x64
		{D86A7FE9-8C51-3ACA-A5A9-8667D29F081C}.MinSizeRel|x64.ActiveCfg = MinSizeRel|x64
		{D86A7FE9-8C51-3ACA-A5A9-8667D29F081C}.MinSizeRel|x64.Build.0 = MinSizeRel|x64
		{D86A7FE9-8C51-3ACA-A5A9-8667D29F081C}.RelWithDebInfo|x64.ActiveCfg = RelWithDebInfo|x64
		{D86A7FE9-8C51-3ACA-A5A9-8667D29F081C}.RelWithDebInfo|x64.Build.0 = RelWithDebInfo|x64
		{760CE226-A271-3032-974C-451EC2D8FC69}.Debug|x64.ActiveCfg = Debug|x64
		{760CE226-A271-3032-974C-451EC2D8FC69}.Debug|x64.Build.0 = Debug|x64
		{760CE226-A271-3032-974C-451EC2D8FC69}.Release|x64.ActiveCfg = Release|x64
		{760CE226-A271-3032-974C-451EC2D8FC69}.Release|x64.Build.0 = Release|x64
		{760CE226-A271-3032-974C-451EC2D8FC69}.MinSizeRel|x64.ActiveCfg = MinSizeRel|x64
		{760CE226-A271-3032-974C-451EC2D8FC69}.MinSizeRel|x64.Build.0 = MinSizeRel|x64
		{760CE226-A271-3032-974C-451EC2D8FC69}.RelWithDebInfo|x64.ActiveCfg = RelWithDebInfo|x64
		{760CE226-A271-3032-974C-451EC2D8FC69}.RelWithDebInfo|x64.Build.0 = RelWithDebInfo|x64
		{CE2DA273-907D-3DDF-A475-09D39334BB90}.Debug|x64.ActiveCfg = Debug|x64
		{CE2DA273-907D-3DDF-A475-09D39334BB90}.Release|x64.ActiveCfg = Release|x64
		{CE2DA273-907D-3DDF-A475-09D39334BB90}.MinSizeRel|x64.ActiveCfg = MinSizeRel|x64
		{CE2DA273-907D-3DDF-A475-09D39334BB90}.RelWithDebInfo|x64.ActiveCfg = RelWithDebInfo|x64
		{BE71F838-4DEA-3EA5-A021-514C3AD6AF59}.Debug|x64.ActiveCfg = Debug|x64
		{BE71F838-4DEA-3EA5-A021-514C3AD6AF59}.Release|x64.ActiveCfg = Release|x64
		{BE71F838-4DEA-3EA5-A021-514C3AD6AF59}.MinSizeRel|x64.ActiveCfg = MinSizeRel|x64
		{BE71F838-4DEA-3EA5-A021-514C3AD6AF59}.RelWithDebInfo|x64.ActiveCfg = RelWithDebInfo|x64
	EndGlobalSection
	GlobalSection(NestedProjects) = preSolution
		{9A353077-1137-330D-AAEA-8511F3218F02} = {67FCC921-CBC1-3919-9BB5-E851437BC489}
		{F82FE9C3-92E7-3C38-8D1D-494D640D0FFB} = {67FCC921-CBC1-3919-9BB5-E851437BC489}
		{941601D7-9666-3AD7-9E0C-ACA633C59D61} = {67FCC921-CBC1-3919-9BB5-E851437BC489}
		{D86A7FE9-8C51-3ACA-A5A9-8667D29F081C} = {67FCC921-CBC1-3919-9BB5-E851437BC489}
		{760CE226-A271-3032-974C-451EC2D8FC69} = {042F68B7-4416-3EBB-9B18-9607A424E443}
		{CE2DA273-907D-3DDF-A475-09D39334BB90} = {042F68B7-4416-3EBB-9B18-9607A424E443}
		{BE71F838-4DEA-3EA5-A021-514C3AD6AF59} = {042F68B7-4416-3EBB-9B18-9607A424E443}
	EndGlobalSection
	GlobalSection(ExtensibilityGlobals) = postSolution
		SolutionGuid = {9C445ABC-4AE0-33EB-9955-95D93CECAC38}
	EndGlobalSection
	GlobalSection(ExtensibilityAddIns) = postSolution
	EndGlobalSection
EndGlobal
